// !$*UTF8*$!
{
	archiveVersion = 1;
	classes = {
	};
	objectVersion = 46;
	objects = {

/* Begin PBXBuildFile section */
		EC36897215E3071200A2B5F0 /* UIKit.framework in Frameworks */ = {isa = PBXBuildFile; fileRef = EC36897115E3071200A2B5F0 /* UIKit.framework */; };
		EC36897415E3071200A2B5F0 /* Foundation.framework in Frameworks */ = {isa = PBXBuildFile; fileRef = EC36897315E3071200A2B5F0 /* Foundation.framework */; };
		EC36897615E3071200A2B5F0 /* CoreGraphics.framework in Frameworks */ = {isa = PBXBuildFile; fileRef = EC36897515E3071200A2B5F0 /* CoreGraphics.framework */; };
		EC36897C15E3071200A2B5F0 /* InfoPlist.strings in Resources */ = {isa = PBXBuildFile; fileRef = EC36897A15E3071200A2B5F0 /* InfoPlist.strings */; };
		EC36897E15E3071200A2B5F0 /* main.m in Sources */ = {isa = PBXBuildFile; fileRef = EC36897D15E3071200A2B5F0 /* main.m */; };
		EC36898215E3071200A2B5F0 /* AppDelegate.m in Sources */ = {isa = PBXBuildFile; fileRef = EC36898115E3071200A2B5F0 /* AppDelegate.m */; };
		EC37CC5115E30AA7007D7C29 /* ViewController.m in Sources */ = {isa = PBXBuildFile; fileRef = EC36898415E3071200A2B5F0 /* ViewController.m */; };
		EC37CC5215E30AB3007D7C29 /* ScrollingForm.xib in Resources */ = {isa = PBXBuildFile; fileRef = EC36899015E3096D00A2B5F0 /* ScrollingForm.xib */; };
/* End PBXBuildFile section */

/* Begin PBXFileReference section */
		EC36896D15E3071200A2B5F0 /* ScrollingForm.app */ = {isa = PBXFileReference; explicitFileType = wrapper.application; includeInIndex = 0; path = ScrollingForm.app; sourceTree = BUILT_PRODUCTS_DIR; };
		EC36897115E3071200A2B5F0 /* UIKit.framework */ = {isa = PBXFileReference; lastKnownFileType = wrapper.framework; name = UIKit.framework; path = System/Library/Frameworks/UIKit.framework; sourceTree = SDKROOT; };
		EC36897315E3071200A2B5F0 /* Foundation.framework */ = {isa = PBXFileReference; lastKnownFileType = wrapper.framework; name = Foundation.framework; path = System/Library/Frameworks/Foundation.framework; sourceTree = SDKROOT; };
		EC36897515E3071200A2B5F0 /* CoreGraphics.framework */ = {isa = PBXFileReference; lastKnownFileType = wrapper.framework; name = CoreGraphics.framework; path = System/Library/Frameworks/CoreGraphics.framework; sourceTree = SDKROOT; };
		EC36897915E3071200A2B5F0 /* ScrollingForm-Info.plist */ = {isa = PBXFileReference; lastKnownFileType = text.plist.xml; path = "ScrollingForm-Info.plist"; sourceTree = "<group>"; };
		EC36897B15E3071200A2B5F0 /* en */ = {isa = PBXFileReference; lastKnownFileType = text.plist.strings; name = en; path = en.lproj/InfoPlist.strings; sourceTree = "<group>"; };
		EC36897D15E3071200A2B5F0 /* main.m */ = {isa = PBXFileReference; lastKnownFileType = sourcecode.c.objc; path = main.m; sourceTree = "<group>"; };
		EC36897F15E3071200A2B5F0 /* ScrollingForm-Prefix.pch */ = {isa = PBXFileReference; lastKnownFileType = sourcecode.c.h; path = "ScrollingForm-Prefix.pch"; sourceTree = "<group>"; };
		EC36898015E3071200A2B5F0 /* AppDelegate.h */ = {isa = PBXFileReference; lastKnownFileType = sourcecode.c.h; path = AppDelegate.h; sourceTree = "<group>"; };
		EC36898115E3071200A2B5F0 /* AppDelegate.m */ = {isa = PBXFileReference; lastKnownFileType = sourcecode.c.objc; path = AppDelegate.m; sourceTree = "<group>"; };
		EC36898315E3071200A2B5F0 /* ViewController.h */ = {isa = PBXFileReference; lastKnownFileType = sourcecode.c.h; path = ViewController.h; sourceTree = "<group>"; };
		EC36898415E3071200A2B5F0 /* ViewController.m */ = {isa = PBXFileReference; lastKnownFileType = sourcecode.c.objc; path = ViewController.m; sourceTree = "<group>"; };
		EC36899015E3096D00A2B5F0 /* ScrollingForm.xib */ = {isa = PBXFileReference; fileEncoding = 4; lastKnownFileType = file.xib; path = ScrollingForm.xib; sourceTree = "<group>"; };
/* End PBXFileReference section */

/* Begin PBXFrameworksBuildPhase section */
		EC36896A15E3071200A2B5F0 /* Frameworks */ = {
			isa = PBXFrameworksBuildPhase;
			buildActionMask = 2147483647;
			files = (
				EC36897215E3071200A2B5F0 /* UIKit.framework in Frameworks */,
				EC36897415E3071200A2B5F0 /* Foundation.framework in Frameworks */,
				EC36897615E3071200A2B5F0 /* CoreGraphics.framework in Frameworks */,
			);
			runOnlyForDeploymentPostprocessing = 0;
		};
/* End PBXFrameworksBuildPhase section */

/* Begin PBXGroup section */
		EC36896215E3071200A2B5F0 = {
			isa = PBXGroup;
			children = (
				EC36897715E3071200A2B5F0 /* ScrollingForm */,
				EC36897015E3071200A2B5F0 /* Frameworks */,
				EC36896E15E3071200A2B5F0 /* Products */,
			);
			sourceTree = "<group>";
		};
		EC36896E15E3071200A2B5F0 /* Products */ = {
			isa = PBXGroup;
			children = (
				EC36896D15E3071200A2B5F0 /* ScrollingForm.app */,
			);
			name = Products;
			sourceTree = "<group>";
		};
		EC36897015E3071200A2B5F0 /* Frameworks */ = {
			isa = PBXGroup;
			children = (
				EC36897115E3071200A2B5F0 /* UIKit.framework */,
				EC36897315E3071200A2B5F0 /* Foundation.framework */,
				EC36897515E3071200A2B5F0 /* CoreGraphics.framework */,
			);
			name = Frameworks;
			sourceTree = "<group>";
		};
		EC36897715E3071200A2B5F0 /* ScrollingForm */ = {
			isa = PBXGroup;
			children = (
				EC36898015E3071200A2B5F0 /* AppDelegate.h */,
				EC36898115E3071200A2B5F0 /* AppDelegate.m */,
				EC36898315E3071200A2B5F0 /* ViewController.h */,
				EC36898415E3071200A2B5F0 /* ViewController.m */,
				EC36899015E3096D00A2B5F0 /* ScrollingForm.xib */,
				EC36897815E3071200A2B5F0 /* Supporting Files */,
			);
			path = ScrollingForm;
			sourceTree = "<group>";
		};
		EC36897815E3071200A2B5F0 /* Supporting Files */ = {
			isa = PBXGroup;
			children = (
				EC36897915E3071200A2B5F0 /* ScrollingForm-Info.plist */,
				EC36897A15E3071200A2B5F0 /* InfoPlist.strings */,
				EC36897D15E3071200A2B5F0 /* main.m */,
				EC36897F15E3071200A2B5F0 /* ScrollingForm-Prefix.pch */,
			);
			name = "Supporting Files";
			sourceTree = "<group>";
		};
/* End PBXGroup section */

/* Begin PBXNativeTarget section */
		EC36896C15E3071200A2B5F0 /* ScrollingForm */ = {
			isa = PBXNativeTarget;
			buildConfigurationList = EC36898B15E3071200A2B5F0 /* Build configuration list for PBXNativeTarget "ScrollingForm" */;
			buildPhases = (
				EC36896915E3071200A2B5F0 /* Sources */,
				EC36896A15E3071200A2B5F0 /* Frameworks */,
				EC36896B15E3071200A2B5F0 /* Resources */,
			);
			buildRules = (
			);
			dependencies = (
			);
			name = ScrollingForm;
			productName = ScrollingForm;
			productReference = EC36896D15E3071200A2B5F0 /* ScrollingForm.app */;
			productType = "com.apple.product-type.application";
		};
/* End PBXNativeTarget section */

/* Begin PBXProject section */
		EC36896415E3071200A2B5F0 /* Project object */ = {
			isa = PBXProject;
			attributes = {
				LastUpgradeCheck = 0450;
				ORGANIZATIONNAME = "Jeff Grimes";
			};
			buildConfigurationList = EC36896715E3071200A2B5F0 /* Build configuration list for PBXProject "ScrollingForm" */;
			compatibilityVersion = "Xcode 3.2";
			developmentRegion = English;
			hasScannedForEncodings = 0;
			knownRegions = (
				en,
			);
			mainGroup = EC36896215E3071200A2B5F0;
			productRefGroup = EC36896E15E3071200A2B5F0 /* Products */;
			projectDirPath = "";
			projectRoot = "";
			targets = (
				EC36896C15E3071200A2B5F0 /* ScrollingForm */,
			);
		};
/* End PBXProject section */

/* Begin PBXResourcesBuildPhase section */
		EC36896B15E3071200A2B5F0 /* Resources */ = {
			isa = PBXResourcesBuildPhase;
			buildActionMask = 2147483647;
			files = (
				EC37CC5215E30AB3007D7C29 /* ScrollingForm.xib in Resources */,
				EC36897C15E3071200A2B5F0 /* InfoPlist.strings in Resources */,
			);
			runOnlyForDeploymentPostprocessing = 0;
		};
/* End PBXResourcesBuildPhase section */

/* Begin PBXSourcesBuildPhase section */
		EC36896915E3071200A2B5F0 /* Sources */ = {
			isa = PBXSourcesBuildPhase;
			buildActionMask = 2147483647;
			files = (
				EC37CC5115E30AA7007D7C29 /* ViewController.m in Sources */,
				EC36897E15E3071200A2B5F0 /* main.m in Sources */,
				EC36898215E3071200A2B5F0 /* AppDelegate.m in Sources */,
			);
			runOnlyForDeploymentPostprocessing = 0;
		};
/* End PBXSourcesBuildPhase section */

/* Begin PBXVariantGroup section */
		EC36897A15E3071200A2B5F0 /* InfoPlist.strings */ = {
			isa = PBXVariantGroup;
			children = (
				EC36897B15E3071200A2B5F0 /* en */,
			);
			name = InfoPlist.strings;
			sourceTree = "<group>";
		};
/* End PBXVariantGroup section */

/* Begin XCBuildConfiguration section */
		EC36898915E3071200A2B5F0 /* Debug */ = {
			isa = XCBuildConfiguration;
			buildSettings = {
				ALWAYS_SEARCH_USER_PATHS = NO;
				CLANG_CXX_LANGUAGE_STANDARD = "gnu++0x";
				CLANG_CXX_LIBRARY = "libc++";
				CLANG_WARN__DUPLICATE_METHOD_MATCH = YES;
				"CODE_SIGN_IDENTITY[sdk=iphoneos*]" = "iPhone Developer";
				COPY_PHASE_STRIP = NO;
				GCC_C_LANGUAGE_STANDARD = gnu99;
				GCC_DYNAMIC_NO_PIC = NO;
				GCC_OPTIMIZATION_LEVEL = 0;
				GCC_PREPROCESSOR_DEFINITIONS = (
					"DEBUG=1",
					"$(inherited)",
				);
				GCC_SYMBOLS_PRIVATE_EXTERN = NO;
				GCC_WARN_ABOUT_RETURN_TYPE = YES;
				GCC_WARN_UNINITIALIZED_AUTOS = YES;
				GCC_WARN_UNUSED_VARIABLE = YES;
				IPHONEOS_DEPLOYMENT_TARGET = 6.0;
				SDKROOT = iphoneos;
			};
			name = Debug;
		};
		EC36898A15E3071200A2B5F0 /* Release */ = {
			isa = XCBuildConfiguration;
			buildSettings = {
				ALWAYS_SEARCH_USER_PATHS = NO;
				CLANG_CXX_LANGUAGE_STANDARD = "gnu++0x";
				CLANG_CXX_LIBRARY = "libc++";
				CLANG_WARN__DUPLICATE_METHOD_MATCH = YES;
				"CODE_SIGN_IDENTITY[sdk=iphoneos*]" = "iPhone Developer";
				COPY_PHASE_STRIP = YES;
				GCC_C_LANGUAGE_STANDARD = gnu99;
				GCC_WARN_ABOUT_RETURN_TYPE = YES;
				GCC_WARN_UNINITIALIZED_AUTOS = YES;
				GCC_WARN_UNUSED_VARIABLE = YES;
				IPHONEOS_DEPLOYMENT_TARGET = 6.0;
				OTHER_CFLAGS = "-DNS_BLOCK_ASSERTIONS=1";
				SDKROOT = iphoneos;
				VALIDATE_PRODUCT = YES;
			};
			name = Release;
		};
		EC36898C15E3071200A2B5F0 /* Debug */ = {
			isa = XCBuildConfiguration;
			buildSettings = {
				GCC_PRECOMPILE_PREFIX_HEADER = YES;
				GCC_PREFIX_HEADER = "ScrollingForm/ScrollingForm-Prefix.pch";
				INFOPLIST_FILE = "ScrollingForm/ScrollingForm-Info.plist";
				PRODUCT_NAME = "$(TARGET_NAME)";
				WRAPPER_EXTENSION = app;
			};
			name = Debug;
		};
		EC36898D15E3071200A2B5F0 /* Release */ = {
			isa = XCBuildConfiguration;
			buildSettings = {
				GCC_PRECOMPILE_PREFIX_HEADER = YES;
				GCC_PREFIX_HEADER = "ScrollingForm/ScrollingForm-Prefix.pch";
				INFOPLIST_FILE = "ScrollingForm/ScrollingForm-Info.plist";
				PRODUCT_NAME = "$(TARGET_NAME)";
				WRAPPER_EXTENSION = app;
			};
			name = Release;
		};
/* End XCBuildConfiguration section */

/* Begin XCConfigurationList section */
		EC36896715E3071200A2B5F0 /* Build configuration list for PBXProject "ScrollingForm" */ = {
			isa = XCConfigurationList;
			buildConfigurations = (
				EC36898915E3071200A2B5F0 /* Debug */,
				EC36898A15E3071200A2B5F0 /* Release */,
			);
			defaultConfigurationIsVisible = 0;
			defaultConfigurationName = Release;
		};
		EC36898B15E3071200A2B5F0 /* Build configuration list for PBXNativeTarget "ScrollingForm" */ = {
			isa = XCConfigurationList;
			buildConfigurations = (
				EC36898C15E3071200A2B5F0 /* Debug */,
				EC36898D15E3071200A2B5F0 /* Release */,
			);
			defaultConfigurationIsVisible = 0;
			defaultConfigurationName = Release;
		};
/* End XCConfigurationList section */
	};
	rootObject = EC36896415E3071200A2B5F0 /* Project object */;
}
